
Microsoft Visual Studio Solution File, Format Version 12.00
# Visual Studio Version 17
VisualStudioVersion = 17.0.31903.59
MinimumVisualStudioVersion = 10.0.40219.1
Project("{9A19103F-16F7-4668-BE54-9A1E7A4F7556}") = "LibraryProject.Presentation", "LibraryProject\LibraryProject.Presentation.csproj", "{C1DAB3D0-EC8D-4781-ADE6-418A4BBA2D1B}"
EndProject
Project("{9A19103F-16F7-4668-BE54-9A1E7A4F7556}") = "LibraryProject.Data", "LibraryProject.Data\LibraryProject.Data.csproj", "{BC9A4159-9AA6-4915-9E3A-2751F1A7C047}"
EndProject
Project("{9A19103F-16F7-4668-BE54-9A1E7A4F7556}") = "LibraryProject.Service", "LibraryProject.Business\LibraryProject.Service.csproj", "{975F8645-707D-4739-B907-FC808DEB10BC}"
EndProject
Global
	GlobalSection(SolutionConfigurationPlatforms) = preSolution
		Debug|Any CPU = Debug|Any CPU
		Release|Any CPU = Release|Any CPU
	EndGlobalSection
	GlobalSection(ProjectConfigurationPlatforms) = postSolution
		{C1DAB3D0-EC8D-4781-ADE6-418A4BBA2D1B}.Debug|Any CPU.ActiveCfg = Debug|Any CPU
		{C1DAB3D0-EC8D-4781-ADE6-418A4BBA2D1B}.Debug|Any CPU.Build.0 = Debug|Any CPU
		{C1DAB3D0-EC8D-4781-ADE6-418A4BBA2D1B}.Release|Any CPU.ActiveCfg = Release|Any CPU
		{C1DAB3D0-EC8D-4781-ADE6-418A4BBA2D1B}.Release|Any CPU.Build.0 = Release|Any CPU
		{BC9A4159-9AA6-4915-9E3A-2751F1A7C047}.Debug|Any CPU.ActiveCfg = Debug|Any CPU
		{BC9A4159-9AA6-4915-9E3A-2751F1A7C047}.Debug|Any CPU.Build.0 = Debug|Any CPU
		{BC9A4159-9AA6-4915-9E3A-2751F1A7C047}.Release|Any CPU.ActiveCfg = Release|Any CPU
		{BC9A4159-9AA6-4915-9E3A-2751F1A7C047}.Release|Any CPU.Build.0 = Release|Any CPU
		{975F8645-707D-4739-B907-FC808DEB10BC}.Debug|Any CPU.ActiveCfg = Debug|Any CPU
		{975F8645-707D-4739-B907-FC808DEB10BC}.Debug|Any CPU.Build.0 = Debug|Any CPU
		{975F8645-707D-4739-B907-FC808DEB10BC}.Release|Any CPU.ActiveCfg = Release|Any CPU
		{975F8645-707D-4739-B907-FC808DEB10BC}.Release|Any CPU.Build.0 = Release|Any CPU
	EndGlobalSection
	GlobalSection(SolutionProperties) = preSolution
		HideSolutionNode = FALSE
	EndGlobalSection
	GlobalSection(ExtensibilityGlobals) = postSolution
		SolutionGuid = {87EFCF7F-B747-465A-AE31-FB4975E22A64}
	EndGlobalSection
EndGlobal
